
Microsoft Visual Studio Solution File, Format Version 12.00
# Visual Studio Version 17
VisualStudioVersion = 17.9.34728.123
MinimumVisualStudioVersion = 10.0.40219.1
Project("{FAE04EC0-301F-11D3-BF4B-00C04F79EFBC}") = "ConsoleApp", "ConsoleApp\ConsoleApp.csproj", "{BA4A6B3E-8168-42C9-B933-DF940344FF13}"
EndProject
Global
	GlobalSection(SolutionConfigurationPlatforms) = preSolution
		Debug|Any CPU = Debug|Any CPU
		Release|Any CPU = Release|Any CPU
	EndGlobalSection
	GlobalSection(ProjectConfigurationPlatforms) = postSolution
		{BA4A6B3E-8168-42C9-B933-DF940344FF13}.Debug|Any CPU.ActiveCfg = Debug|Any CPU
		{BA4A6B3E-8168-42C9-B933-DF940344FF13}.Debug|Any CPU.Build.0 = Debug|Any CPU
		{BA4A6B3E-8168-42C9-B933-DF940344FF13}.Release|Any CPU.ActiveCfg = Release|Any CPU
		{BA4A6B3E-8168-42C9-B933-DF940344FF13}.Release|Any CPU.Build.0 = Release|Any CPU
	EndGlobalSection
	GlobalSection(SolutionProperties) = preSolution
		HideSolutionNode = FALSE
	EndGlobalSection
	GlobalSection(ExtensibilityGlobals) = postSolution
		SolutionGuid = {3321E657-F4A8-4D05-B35F-E3AEFD3C5926}
	EndGlobalSection
EndGlobal
